{
  "version": 4,
  "terraform_version": "0.15.4",
  "serial": 1782,
  "lineage": "197f9f0c-3075-b8cd-b62f-3d7a0a6e51d8",
  "outputs": {
    "vuln-site": {
      "value": "website-alb-1003194684.us-west-2.elb.amazonaws.com",
      "type": "string"
    }
  },
  "resources": [
    {
      "mode": "data",
      "type": "aws_iam_policy_document",
      "name": "ecs_agent",
      "provider": "provider[\"registry.terraform.io/hashicorp/aws\"]",
      "instances": [
        {
          "schema_version": 0,
          "attributes": {
            "id": "1903849331",
            "json": "{\n  \"Version\": \"2012-10-17\",\n  \"Statement\": [\n    {\n      \"Sid\": \"\",\n      \"Effect\": \"Allow\",\n      \"Action\": \"sts:AssumeRole\",\n      \"Principal\": {\n        \"Service\": \"ec2.amazonaws.com\"\n      }\n    }\n  ]\n}",
            "override_json": null,
            "override_policy_documents": null,
            "policy_id": null,
            "source_json": null,
            "source_policy_documents": null,
            "statement": [
              {
                "actions": [
                  "sts:AssumeRole"
                ],
                "condition": [],
                "effect": "Allow",
                "not_actions": [],
                "not_principals": [],
                "not_resources": [],
                "principals": [
                  {
                    "identifiers": [
                      "ec2.amazonaws.com"
                    ],
                    "type": "Service"
                  }
                ],
                "resources": [],
                "sid": ""
              }
            ],
            "version": "2012-10-17"
          },
          "sensitive_attributes": []
        }
      ]
    },
    {
      "mode": "data",
      "type": "aws_iam_policy_document",
      "name": "ecs_tasks_role",
      "provider": "provider[\"registry.terraform.io/hashicorp/aws\"]",
      "instances": [
        {
          "schema_version": 0,
          "attributes": {
            "id": "320642683",
            "json": "{\n  \"Version\": \"2012-10-17\",\n  \"Statement\": [\n    {\n      \"Sid\": \"\",\n      \"Effect\": \"Allow\",\n      \"Action\": \"sts:AssumeRole\",\n      \"Principal\": {\n        \"Service\": \"ecs-tasks.amazonaws.com\"\n      }\n    }\n  ]\n}",
            "override_json": null,
            "override_policy_documents": null,
            "policy_id": null,
            "source_json": null,
            "source_policy_documents": null,
            "statement": [
              {
                "actions": [
                  "sts:AssumeRole"
                ],
                "condition": [],
                "effect": "Allow",
                "not_actions": [],
                "not_principals": [],
                "not_resources": [],
                "principals": [
                  {
                    "identifiers": [
                      "ecs-tasks.amazonaws.com"
                    ],
                    "type": "Service"
                  }
                ],
                "resources": [],
                "sid": ""
              }
            ],
            "version": "2012-10-17"
          },
          "sensitive_attributes": []
        }
      ]
    },
    {
      "mode": "managed",
      "type": "aws_alb",
      "name": "website-alb",
      "provider": "provider[\"registry.terraform.io/hashicorp/aws\"]",
      "instances": [
        {
          "schema_version": 0,
          "attributes": {
            "access_logs": [
              {
                "bucket": "",
                "enabled": false,
                "prefix": ""
              }
            ],
            "arn": "arn:aws:elasticloadbalancing:us-west-2:807903949163:loadbalancer/app/website-alb/2b81770905fe4a2d",
            "arn_suffix": "app/website-alb/2b81770905fe4a2d",
            "customer_owned_ipv4_pool": "",
            "dns_name": "website-alb-1003194684.us-west-2.elb.amazonaws.com",
            "drop_invalid_header_fields": false,
            "enable_cross_zone_load_balancing": null,
            "enable_deletion_protection": false,
            "enable_http2": true,
            "id": "arn:aws:elasticloadbalancing:us-west-2:807903949163:loadbalancer/app/website-alb/2b81770905fe4a2d",
            "idle_timeout": 60,
            "internal": false,
            "ip_address_type": "ipv4",
            "load_balancer_type": "application",
            "name": "website-alb",
            "name_prefix": null,
            "security_groups": [
              "sg-021d19410948e9676"
            ],
            "subnet_mapping": [
              {
                "allocation_id": "",
                "ipv6_address": "",
                "outpost_id": "",
                "private_ipv4_address": "",
                "subnet_id": "subnet-04f79eb50be646b18"
              },
              {
                "allocation_id": "",
                "ipv6_address": "",
                "outpost_id": "",
                "private_ipv4_address": "",
                "subnet_id": "subnet-0f4a3a1d916e7bd03"
              }
            ],
            "subnets": [
              "subnet-04f79eb50be646b18",
              "subnet-0f4a3a1d916e7bd03"
            ],
            "tags": {
              "Name": "example-saas-production-alb"
            },
            "tags_all": {
              "Name": "example-saas-production-alb",
              "Owner": "Seb",
              "Project": "ECS-Attacks",
              "Team": "Ptest"
            },
            "timeouts": null,
            "vpc_id": "vpc-0361ad7e97b660988",
            "zone_id": "Z1H1FL5HABSF5"
          },
          "sensitive_attributes": [],
          "private": "eyJlMmJmYjczMC1lY2FhLTExZTYtOGY4OC0zNDM2M2JjN2M0YzAiOnsiY3JlYXRlIjo2MDAwMDAwMDAwMDAsImRlbGV0ZSI6NjAwMDAwMDAwMDAwLCJ1cGRhdGUiOjYwMDAwMDAwMDAwMH19",
          "dependencies": [
            "aws_security_group.alb_sg",
            "aws_subnet.pub_subnet",
            "aws_subnet.pub_subnet2",
            "aws_vpc.vpc"
          ]
        }
      ]
    },
    {
      "mode": "managed",
      "type": "aws_alb_listener",
      "name": "nginx-listeners",
      "provider": "provider[\"registry.terraform.io/hashicorp/aws\"]",
      "instances": [
        {
          "schema_version": 0,
          "attributes": {
            "alpn_policy": null,
            "arn": "arn:aws:elasticloadbalancing:us-west-2:807903949163:listener/app/website-alb/2b81770905fe4a2d/8243fb5f420f31b0",
            "certificate_arn": null,
            "default_action": [
              {
                "authenticate_cognito": [],
                "authenticate_oidc": [],
                "fixed_response": [],
                "forward": [],
                "order": 1,
                "redirect": [],
                "target_group_arn": "arn:aws:elasticloadbalancing:us-west-2:807903949163:targetgroup/website-tg/48a7582597b4112a",
                "type": "forward"
              }
            ],
            "id": "arn:aws:elasticloadbalancing:us-west-2:807903949163:listener/app/website-alb/2b81770905fe4a2d/8243fb5f420f31b0",
            "load_balancer_arn": "arn:aws:elasticloadbalancing:us-west-2:807903949163:loadbalancer/app/website-alb/2b81770905fe4a2d",
            "port": 80,
            "protocol": "HTTP",
            "ssl_policy": "",
            "tags": null,
            "tags_all": {
              "Owner": "Seb",
              "Project": "ECS-Attacks",
              "Team": "Ptest"
            },
            "timeouts": null
          },
          "sensitive_attributes": [],
          "private": "eyJlMmJmYjczMC1lY2FhLTExZTYtOGY4OC0zNDM2M2JjN2M0YzAiOnsicmVhZCI6NjAwMDAwMDAwMDAwfX0=",
          "dependencies": [
            "aws_alb.website-alb",
            "aws_alb_target_group.website-tg",
            "aws_security_group.alb_sg",
            "aws_subnet.pub_subnet",
            "aws_subnet.pub_subnet2",
            "aws_vpc.vpc"
          ]
        }
      ]
    },
    {
      "mode": "managed",
      "type": "aws_alb_target_group",
      "name": "website-tg",
      "provider": "provider[\"registry.terraform.io/hashicorp/aws\"]",
      "instances": [
        {
          "schema_version": 0,
          "attributes": {
            "arn": "arn:aws:elasticloadbalancing:us-west-2:807903949163:targetgroup/website-tg/48a7582597b4112a",
            "arn_suffix": "targetgroup/website-tg/48a7582597b4112a",
            "deregistration_delay": 300,
            "health_check": [
              {
                "enabled": true,
                "healthy_threshold": 5,
                "interval": 30,
                "matcher": "200",
                "path": "/",
                "port": "traffic-port",
                "protocol": "HTTP",
                "timeout": 5,
                "unhealthy_threshold": 2
              }
            ],
            "id": "arn:aws:elasticloadbalancing:us-west-2:807903949163:targetgroup/website-tg/48a7582597b4112a",
            "lambda_multi_value_headers_enabled": false,
            "load_balancing_algorithm_type": "round_robin",
            "name": "website-tg",
            "name_prefix": null,
            "port": 80,
            "preserve_client_ip": null,
            "protocol": "HTTP",
            "protocol_version": "HTTP1",
            "proxy_protocol_v2": false,
            "slow_start": 0,
            "stickiness": [
              {
                "cookie_duration": 86400,
                "enabled": false,
                "type": "lb_cookie"
              }
            ],
            "tags": null,
            "tags_all": {
              "Owner": "Seb",
              "Project": "ECS-Attacks",
              "Team": "Ptest"
            },
            "target_type": "ip",
            "vpc_id": "vpc-0361ad7e97b660988"
          },
          "sensitive_attributes": [],
          "private": "bnVsbA==",
          "dependencies": [
            "aws_vpc.vpc"
          ]
        }
      ]
    },
    {
      "mode": "managed",
      "type": "aws_autoscaling_group",
      "name": "failure_analysis_ecs_asg",
      "provider": "provider[\"registry.terraform.io/hashicorp/aws\"]",
      "instances": [
        {
          "schema_version": 0,
          "attributes": {
            "arn": "arn:aws:autoscaling:us-west-2:807903949163:autoScalingGroup:2ebb349e-a5e5-4c2d-8a97-2ad7661054ec:autoScalingGroupName/asg",
            "availability_zones": [
              "us-west-2b"
            ],
            "capacity_rebalance": false,
            "default_cooldown": 300,
            "desired_capacity": 2,
            "enabled_metrics": null,
            "force_delete": false,
            "force_delete_warm_pool": false,
            "health_check_grace_period": 300,
            "health_check_type": "EC2",
            "id": "asg",
            "initial_lifecycle_hook": [],
            "instance_refresh": [],
            "launch_configuration": "terraform-20210603221945959400000005",
            "launch_template": [],
            "load_balancers": null,
            "max_instance_lifetime": 0,
            "max_size": 10,
            "metrics_granularity": "1Minute",
            "min_elb_capacity": null,
            "min_size": 1,
            "mixed_instances_policy": [],
            "name": "asg",
            "name_prefix": null,
            "placement_group": "",
            "protect_from_scale_in": false,
            "service_linked_role_arn": "arn:aws:iam::807903949163:role/aws-service-role/autoscaling.amazonaws.com/AWSServiceRoleForAutoScaling",
            "suspended_processes": null,
            "tag": [],
            "tags": null,
            "target_group_arns": null,
            "termination_policies": null,
            "timeouts": null,
            "vpc_zone_identifier": [
              "subnet-049276899a77e3993"
            ],
            "wait_for_capacity_timeout": "10m",
            "wait_for_elb_capacity": null,
            "warm_pool": []
          },
          "sensitive_attributes": [],
          "private": "eyJlMmJmYjczMC1lY2FhLTExZTYtOGY4OC0zNDM2M2JjN2M0YzAiOnsiZGVsZXRlIjo2MDAwMDAwMDAwMDB9fQ==",
          "dependencies": [
            "aws_ecs_cluster.ecs_cluster",
            "aws_iam_instance_profile.ecs_agent",
            "aws_iam_role.ecs_agent",
            "aws_key_pair.seb",
            "aws_launch_configuration.ecs_launch_config",
            "aws_security_group.ecs_sg",
            "aws_subnet.priv_subnet",
            "aws_vpc.vpc",
            "data.aws_iam_policy_document.ecs_agent"
          ]
        }
      ]
    },
    {
      "mode": "managed",
      "type": "aws_ecr_repository",
      "name": "repo",
      "provider": "provider[\"registry.terraform.io/hashicorp/aws\"]",
      "instances": [
        {
          "schema_version": 0,
          "attributes": {
            "arn": "arn:aws:ecr:us-west-2:807903949163:repository/repo",
            "encryption_configuration": [
              {
                "encryption_type": "AES256",
                "kms_key": ""
              }
            ],
            "id": "repo",
            "image_scanning_configuration": [
              {
                "scan_on_push": false
              }
            ],
            "image_tag_mutability": "MUTABLE",
            "name": "repo",
            "registry_id": "807903949163",
            "repository_url": "807903949163.dkr.ecr.us-west-2.amazonaws.com/repo",
            "tags": null,
            "tags_all": {
              "Owner": "Seb",
              "Project": "ECS-Attacks",
              "Team": "Ptest"
            },
            "timeouts": null
          },
          "sensitive_attributes": [],
          "private": "eyJlMmJmYjczMC1lY2FhLTExZTYtOGY4OC0zNDM2M2JjN2M0YzAiOnsiZGVsZXRlIjoxMjAwMDAwMDAwMDAwfX0="
        }
      ]
    },
    {
      "mode": "managed",
      "type": "aws_ecs_cluster",
      "name": "ecs_cluster",
      "provider": "provider[\"registry.terraform.io/hashicorp/aws\"]",
      "instances": [
        {
          "schema_version": 0,
          "attributes": {
            "arn": "arn:aws:ecs:us-west-2:807903949163:cluster/my-cluster",
            "capacity_providers": null,
            "default_capacity_provider_strategy": [],
            "id": "arn:aws:ecs:us-west-2:807903949163:cluster/my-cluster",
            "name": "my-cluster",
            "setting": [
              {
                "name": "containerInsights",
                "value": "disabled"
              }
            ],
            "tags": null,
            "tags_all": {
              "Owner": "Seb",
              "Project": "ECS-Attacks",
              "Team": "Ptest"
            }
          },
          "sensitive_attributes": [],
          "private": "bnVsbA=="
        }
      ]
    },
    {
      "mode": "managed",
      "type": "aws_ecs_service",
      "name": "privd",
      "provider": "provider[\"registry.terraform.io/hashicorp/aws\"]",
      "instances": [
        {
          "schema_version": 0,
          "attributes": {
            "capacity_provider_strategy": [],
            "cluster": "arn:aws:ecs:us-west-2:807903949163:cluster/my-cluster",
            "deployment_circuit_breaker": [
              {
                "enable": false,
                "rollback": false
              }
            ],
            "deployment_controller": [
              {
                "type": "ECS"
              }
            ],
            "deployment_maximum_percent": 200,
            "deployment_minimum_healthy_percent": 100,
            "desired_count": 2,
            "enable_ecs_managed_tags": false,
            "enable_execute_command": false,
            "force_new_deployment": null,
            "health_check_grace_period_seconds": 0,
            "iam_role": null,
            "id": "arn:aws:ecs:us-west-2:807903949163:service/my-cluster/privd",
            "launch_type": "EC2",
            "load_balancer": [],
            "name": "privd",
            "network_configuration": [],
            "ordered_placement_strategy": [],
            "placement_constraints": [],
            "platform_version": "",
            "propagate_tags": "NONE",
            "scheduling_strategy": "REPLICA",
            "service_registries": [],
            "tags": null,
            "tags_all": {
              "Owner": "Seb",
              "Project": "ECS-Attacks",
              "Team": "Ptest"
            },
            "task_definition": "arn:aws:ecs:us-west-2:807903949163:task-definition/privd:40",
            "timeouts": null,
            "wait_for_steady_state": false
          },
          "sensitive_attributes": [],
          "private": "eyJlMmJmYjczMC1lY2FhLTExZTYtOGY4OC0zNDM2M2JjN2M0YzAiOnsiZGVsZXRlIjoxMjAwMDAwMDAwMDAwfX0=",
          "dependencies": [
            "aws_ecs_cluster.ecs_cluster",
            "aws_ecs_task_definition.privd",
            "aws_iam_policy.policy_two",
            "aws_iam_role.containerRole",
            "data.aws_iam_policy_document.ecs_tasks_role"
          ]
        }
      ]
    },
    {
      "mode": "managed",
      "type": "aws_ecs_service",
      "name": "vulnsite",
      "provider": "provider[\"registry.terraform.io/hashicorp/aws\"]",
      "instances": [
        {
          "schema_version": 0,
          "attributes": {
            "capacity_provider_strategy": [],
            "cluster": "arn:aws:ecs:us-west-2:807903949163:cluster/my-cluster",
            "deployment_circuit_breaker": [
              {
                "enable": false,
                "rollback": false
              }
            ],
            "deployment_controller": [
              {
                "type": "ECS"
              }
            ],
            "deployment_maximum_percent": 200,
            "deployment_minimum_healthy_percent": 100,
            "desired_count": 1,
            "enable_ecs_managed_tags": false,
            "enable_execute_command": false,
            "force_new_deployment": null,
            "health_check_grace_period_seconds": 0,
            "iam_role": "aws-service-role",
            "id": "arn:aws:ecs:us-west-2:807903949163:service/my-cluster/vulnsite",
            "launch_type": "EC2",
            "load_balancer": [
              {
                "container_name": "vulnsite",
                "container_port": 80,
                "elb_name": "",
                "target_group_arn": "arn:aws:elasticloadbalancing:us-west-2:807903949163:targetgroup/website-tg/48a7582597b4112a"
              }
            ],
            "name": "vulnsite",
            "network_configuration": [
              {
                "assign_public_ip": false,
                "security_groups": [
                  "sg-021d19410948e9676"
                ],
                "subnets": [
                  "subnet-049276899a77e3993"
                ]
              }
            ],
            "ordered_placement_strategy": [],
            "placement_constraints": [],
            "platform_version": "",
            "propagate_tags": "NONE",
            "scheduling_strategy": "REPLICA",
            "service_registries": [],
            "tags": null,
            "tags_all": {
              "Owner": "Seb",
              "Project": "ECS-Attacks",
              "Team": "Ptest"
            },
            "task_definition": "arn:aws:ecs:us-west-2:807903949163:task-definition/vulnsite:34",
            "timeouts": null,
            "wait_for_steady_state": false
          },
          "sensitive_attributes": [],
          "private": "eyJlMmJmYjczMC1lY2FhLTExZTYtOGY4OC0zNDM2M2JjN2M0YzAiOnsiZGVsZXRlIjoxMjAwMDAwMDAwMDAwfX0=",
          "dependencies": [
            "aws_alb_target_group.website-tg",
            "aws_ecr_repository.repo",
            "aws_ecs_cluster.ecs_cluster",
            "aws_ecs_task_definition.vulnsite",
            "aws_security_group.alb_sg",
            "aws_subnet.priv_subnet",
            "aws_vpc.vpc"
          ]
        }
      ]
    },
    {
      "mode": "managed",
      "type": "aws_ecs_task_definition",
      "name": "privd",
      "provider": "provider[\"registry.terraform.io/hashicorp/aws\"]",
      "instances": [
        {
          "schema_version": 1,
          "attributes": {
            "arn": "arn:aws:ecs:us-west-2:807903949163:task-definition/privd:40",
            "container_definitions": "[{\"command\":[\"sleep\",\"3600\"],\"cpu\":1,\"environment\":[],\"essential\":true,\"image\":\"busybox:latest\",\"memory\":256,\"mountPoints\":[],\"name\":\"privd\",\"portMappings\":[],\"volumesFrom\":[]}]",
            "cpu": "",
            "execution_role_arn": "",
            "family": "privd",
            "id": "privd",
            "inference_accelerator": [],
            "ipc_mode": "",
            "memory": "",
            "network_mode": "",
            "pid_mode": "",
            "placement_constraints": [],
            "proxy_configuration": [],
            "requires_compatibilities": null,
            "revision": 40,
            "tags": null,
            "tags_all": {
              "Owner": "Seb",
              "Project": "ECS-Attacks",
              "Team": "Ptest"
            },
            "task_role_arn": "arn:aws:iam::807903949163:role/containerRole",
            "volume": []
          },
          "sensitive_attributes": [],
          "private": "eyJzY2hlbWFfdmVyc2lvbiI6IjEifQ==",
          "dependencies": [
            "aws_iam_policy.policy_two",
            "aws_iam_role.containerRole",
            "data.aws_iam_policy_document.ecs_tasks_role"
          ]
        }
      ]
    },
    {
      "mode": "managed",
      "type": "aws_ecs_task_definition",
      "name": "vault",
      "provider": "provider[\"registry.terraform.io/hashicorp/aws\"]",
      "instances": [
        {
          "schema_version": 1,
          "attributes": {
            "arn": "arn:aws:ecs:us-west-2:807903949163:task-definition/vault:41",
            "container_definitions": "[{\"command\":[\"/bin/sh -c \\\"echo '{{FLAG_1234678}}' \u003e  /FLAG.TXT; sleep 3600\\\"\"],\"cpu\":2,\"entryPoint\":[\"sh\",\"-c\"],\"environment\":[],\"essential\":true,\"image\":\"busybox:latest\",\"memory\":50,\"mountPoints\":[],\"name\":\"vault\",\"portMappings\":[],\"volumesFrom\":[]}]",
            "cpu": "",
            "execution_role_arn": "",
            "family": "vault",
            "id": "vault",
            "inference_accelerator": [],
            "ipc_mode": "",
            "memory": "",
            "network_mode": "",
            "pid_mode": "",
            "placement_constraints": [],
            "proxy_configuration": [],
            "requires_compatibilities": null,
            "revision": 41,
            "tags": null,
            "tags_all": {
              "Owner": "Seb",
              "Project": "ECS-Attacks",
              "Team": "Ptest"
            },
            "task_role_arn": "",
            "volume": []
          },
          "sensitive_attributes": [],
          "private": "eyJzY2hlbWFfdmVyc2lvbiI6IjEifQ==",
          "dependencies": [
            "aws_alb_target_group.website-tg",
            "aws_ecr_repository.repo",
            "aws_ecs_cluster.ecs_cluster",
            "aws_ecs_service.privd",
            "aws_ecs_service.vulnsite",
            "aws_ecs_task_definition.privd",
            "aws_ecs_task_definition.vulnsite",
            "aws_iam_policy.policy_two",
            "aws_iam_role.containerRole",
            "aws_security_group.alb_sg",
            "aws_subnet.priv_subnet",
            "aws_vpc.vpc",
            "data.aws_iam_policy_document.ecs_tasks_role"
          ]
        }
      ]
    },
    {
      "mode": "managed",
      "type": "aws_ecs_task_definition",
      "name": "vulnsite",
      "provider": "provider[\"registry.terraform.io/hashicorp/aws\"]",
      "instances": [
        {
          "schema_version": 1,
          "attributes": {
            "arn": "arn:aws:ecs:us-west-2:807903949163:task-definition/vulnsite:34",
            "container_definitions": "[{\"cpu\":1,\"environment\":[],\"essential\":true,\"image\":\"807903949163.dkr.ecr.us-west-2.amazonaws.com/repo:latest\",\"memory\":256,\"mountPoints\":[{\"containerPath\":\"/var/run/docker.sock\",\"readOnly\":false,\"sourceVolume\":\"docker-socket\"}],\"name\":\"vulnsite\",\"portMappings\":[{\"containerPort\":80,\"hostPort\":80,\"protocol\":\"tcp\"}],\"privileged\":true,\"volumesFrom\":[]}]",
            "cpu": "",
            "execution_role_arn": "",
            "family": "vulnsite",
            "id": "vulnsite",
            "inference_accelerator": [],
            "ipc_mode": "",
            "memory": "",
            "network_mode": "awsvpc",
            "pid_mode": "",
            "placement_constraints": [],
            "proxy_configuration": [],
            "requires_compatibilities": null,
            "revision": 34,
            "tags": null,
            "tags_all": {
              "Owner": "Seb",
              "Project": "ECS-Attacks",
              "Team": "Ptest"
            },
            "task_role_arn": "",
            "volume": [
              {
                "docker_volume_configuration": [],
                "efs_volume_configuration": [],
                "host_path": "/var/run/docker.sock",
                "name": "docker-socket"
              }
            ]
          },
          "sensitive_attributes": [],
          "private": "eyJzY2hlbWFfdmVyc2lvbiI6IjEifQ==",
          "dependencies": [
            "aws_ecr_repository.repo"
          ]
        }
      ]
    },
    {
      "mode": "managed",
      "type": "aws_eip",
      "name": "Nat-Gateway-EIP",
      "provider": "provider[\"registry.terraform.io/hashicorp/aws\"]",
      "instances": [
        {
          "schema_version": 0,
          "attributes": {
            "address": null,
            "allocation_id": null,
            "associate_with_private_ip": null,
            "association_id": "",
            "carrier_ip": "",
            "customer_owned_ip": "",
            "customer_owned_ipv4_pool": "",
            "domain": "vpc",
            "id": "eipalloc-0a6b2ddbb57eb4b55",
            "instance": "",
            "network_border_group": "us-west-2",
            "network_interface": "",
            "private_dns": null,
            "private_ip": "",
            "public_dns": "ec2-34-211-209-191.us-west-2.compute.amazonaws.com",
            "public_ip": "34.211.209.191",
            "public_ipv4_pool": "amazon",
            "tags": null,
            "tags_all": {},
            "timeouts": null,
            "vpc": true
          },
          "sensitive_attributes": [],
          "private": "eyJlMmJmYjczMC1lY2FhLTExZTYtOGY4OC0zNDM2M2JjN2M0YzAiOnsiZGVsZXRlIjoxODAwMDAwMDAwMDAsInJlYWQiOjkwMDAwMDAwMDAwMCwidXBkYXRlIjozMDAwMDAwMDAwMDB9fQ=="
        }
      ]
    },
    {
      "mode": "managed",
      "type": "aws_iam_instance_profile",
      "name": "ecs_agent",
      "provider": "provider[\"registry.terraform.io/hashicorp/aws\"]",
      "instances": [
        {
          "schema_version": 0,
          "attributes": {
            "arn": "arn:aws:iam::807903949163:instance-profile/ecs-agent",
            "create_date": "2021-06-03T22:19:29Z",
            "id": "ecs-agent",
            "name": "ecs-agent",
            "name_prefix": null,
            "path": "/",
            "role": "ecs-agent",
            "tags": null,
            "tags_all": {
              "Owner": "Seb",
              "Project": "ECS-Attacks",
              "Team": "Ptest"
            },
            "unique_id": "AIPA3YGWT6FVVRQGWIG7F"
          },
          "sensitive_attributes": [],
          "private": "bnVsbA==",
          "dependencies": [
            "aws_iam_role.ecs_agent",
            "data.aws_iam_policy_document.ecs_agent"
          ]
        }
      ]
    },
    {
      "mode": "managed",
      "type": "aws_iam_policy",
      "name": "policy_two",
      "provider": "provider[\"registry.terraform.io/hashicorp/aws\"]",
      "instances": [
        {
          "schema_version": 0,
          "attributes": {
            "arn": "arn:aws:iam::807903949163:policy/policy-381966",
            "description": "",
            "id": "arn:aws:iam::807903949163:policy/policy-381966",
            "name": "policy-381966",
            "name_prefix": null,
            "path": "/",
            "policy": "{\"Statement\":[{\"Action\":[\"ecs:ListServices\",\"ecs:ListTasks\",\"ecs:DescribeServices\",\"ecs:ListContainerInstances\",\"ecs:DescribeContainerInstances\",\"ecs:DescribeTasks\",\"ecs:ListTaskDefinitions\",\"ecs:DescribeClusters\",\"ecs:ListClusters\"],\"Effect\":\"Allow\",\"Resource\":\"*\"}],\"Version\":\"2012-10-17\"}",
            "policy_id": "ANPA3YGWT6FVQCCGEBD5W",
            "tags": null,
            "tags_all": {
              "Owner": "Seb",
              "Project": "ECS-Attacks",
              "Team": "Ptest"
            }
          },
          "sensitive_attributes": [],
          "private": "bnVsbA=="
        }
      ]
    },
    {
      "mode": "managed",
      "type": "aws_iam_role",
      "name": "containerRole",
      "provider": "provider[\"registry.terraform.io/hashicorp/aws\"]",
      "instances": [
        {
          "schema_version": 0,
          "attributes": {
            "arn": "arn:aws:iam::807903949163:role/containerRole",
            "assume_role_policy": "{\"Version\":\"2012-10-17\",\"Statement\":[{\"Sid\":\"\",\"Effect\":\"Allow\",\"Principal\":{\"Service\":\"ecs-tasks.amazonaws.com\"},\"Action\":\"sts:AssumeRole\"}]}",
            "create_date": "2021-06-03T22:19:28Z",
            "description": "",
            "force_detach_policies": false,
            "id": "containerRole",
            "inline_policy": [
              {
                "name": "",
                "policy": ""
              }
            ],
            "managed_policy_arns": [
              "arn:aws:iam::807903949163:policy/policy-381966"
            ],
            "max_session_duration": 3600,
            "name": "containerRole",
            "name_prefix": null,
            "path": "/",
            "permissions_boundary": null,
            "tags": null,
            "tags_all": {
              "Owner": "Seb",
              "Project": "ECS-Attacks",
              "Team": "Ptest"
            },
            "unique_id": "AROA3YGWT6FVVYHCFUAAM"
          },
          "sensitive_attributes": [],
          "private": "bnVsbA==",
          "dependencies": [
            "aws_iam_policy.policy_two",
            "data.aws_iam_policy_document.ecs_tasks_role"
          ]
        }
      ]
    },
    {
      "mode": "managed",
      "type": "aws_iam_role",
      "name": "ecs_agent",
      "provider": "provider[\"registry.terraform.io/hashicorp/aws\"]",
      "instances": [
        {
          "schema_version": 0,
          "attributes": {
            "arn": "arn:aws:iam::807903949163:role/ecs-agent",
            "assume_role_policy": "{\"Version\":\"2012-10-17\",\"Statement\":[{\"Sid\":\"\",\"Effect\":\"Allow\",\"Principal\":{\"Service\":\"ec2.amazonaws.com\"},\"Action\":\"sts:AssumeRole\"}]}",
            "create_date": "2021-06-03T22:19:26Z",
            "description": "",
            "force_detach_policies": false,
            "id": "ecs-agent",
            "inline_policy": [
              {
                "name": "",
                "policy": ""
              }
            ],
            "managed_policy_arns": [],
            "max_session_duration": 3600,
            "name": "ecs-agent",
            "name_prefix": null,
            "path": "/",
            "permissions_boundary": null,
            "tags": null,
            "tags_all": {
              "Owner": "Seb",
              "Project": "ECS-Attacks",
              "Team": "Ptest"
            },
            "unique_id": "AROA3YGWT6FVUQJQRHXTP"
          },
          "sensitive_attributes": [],
          "private": "bnVsbA==",
          "dependencies": [
            "data.aws_iam_policy_document.ecs_agent"
          ]
        }
      ]
    },
    {
      "mode": "managed",
      "type": "aws_iam_role_policy_attachment",
      "name": "ecs_agent",
      "provider": "provider[\"registry.terraform.io/hashicorp/aws\"]",
      "instances": [
        {
          "schema_version": 0,
          "attributes": {
            "id": "ecs-agent-20210603221928647500000001",
            "policy_arn": "arn:aws:iam::aws:policy/service-role/AmazonEC2ContainerServiceforEC2Role",
            "role": "ecs-agent"
          },
          "sensitive_attributes": [],
          "private": "bnVsbA==",
          "dependencies": [
            "aws_iam_role.ecs_agent",
            "data.aws_iam_policy_document.ecs_agent"
          ]
        }
      ]
    },
    {
      "mode": "managed",
      "type": "aws_internet_gateway",
      "name": "internet_gateway",
      "provider": "provider[\"registry.terraform.io/hashicorp/aws\"]",
      "instances": [
        {
          "schema_version": 0,
          "attributes": {
            "arn": "arn:aws:ec2:us-west-2:807903949163:internet-gateway/igw-07db732fa1723a09b",
            "id": "igw-07db732fa1723a09b",
            "owner_id": "807903949163",
            "tags": null,
            "tags_all": {
              "Owner": "Seb",
              "Project": "ECS-Attacks",
              "Team": "Ptest"
            },
            "vpc_id": "vpc-0361ad7e97b660988"
          },
          "sensitive_attributes": [],
          "private": "bnVsbA==",
          "dependencies": [
            "aws_vpc.vpc"
          ]
        }
      ]
    },
    {
      "mode": "managed",
      "type": "aws_key_pair",
      "name": "seb",
      "provider": "provider[\"registry.terraform.io/hashicorp/aws\"]",
      "instances": [
        {
          "schema_version": 1,
          "attributes": {
            "arn": "arn:aws:ec2:us-west-2:807903949163:key-pair/seb-key",
            "fingerprint": "5e:72:b8:b8:eb:47:a4:4c:2e:d2:de:a0:23:2b:00:00",
            "id": "seb-key",
            "key_name": "seb-key",
            "key_name_prefix": null,
            "key_pair_id": "key-092d2aa5c0806d257",
            "public_key": "ssh-rsa AAAAB3NzaC1yc2EAAAADAQABAAABAQCiCN9xO8LnlRik28o2hzfwWuKnTrB2nYGGHw78ZtLSpxyjoY8JXIHrUf/+6KS7q8r4wSDRvVaDTwLmuhrCqyJ4c34C5o4BmazVvblxB1mnjv+k7rYQxiN2V+OkLZirzTaiAFdGG0nvZ8ITDTOBYQJqxv4RTMlg+zJMZz6VtNvbjgzvNEznJFOSYy6vm66eTIpKdL5Nk1+64ojzoDWEwNJX3Dh5vUabSjmn3WpTMlbSYINlj1FFyKQogn+AYko/FaUTVP126czPcHuu32bOPidYqN4yWtszb3WcnnlMVyvIlctylsQBWLMkiYZOaYguRw/HKtp9HnuKg8YkZnA7hKw9",
            "tags": null,
            "tags_all": {
              "Owner": "Seb",
              "Project": "ECS-Attacks",
              "Team": "Ptest"
            }
          },
          "sensitive_attributes": [],
          "private": "eyJzY2hlbWFfdmVyc2lvbiI6IjEifQ=="
        }
      ]
    },
    {
      "mode": "managed",
      "type": "aws_launch_configuration",
      "name": "ecs_launch_config",
      "provider": "provider[\"registry.terraform.io/hashicorp/aws\"]",
      "instances": [
        {
          "schema_version": 0,
          "attributes": {
            "arn": "arn:aws:autoscaling:us-west-2:807903949163:launchConfiguration:7af94b5d-edf3-4ae7-8ce1-ef07b0698a0a:launchConfigurationName/terraform-20210603221945959400000005",
            "associate_public_ip_address": true,
            "ebs_block_device": [],
            "ebs_optimized": false,
            "enable_monitoring": true,
            "ephemeral_block_device": [],
            "iam_instance_profile": "ecs-agent",
            "id": "terraform-20210603221945959400000005",
            "image_id": "ami-09821bb7e5aa7e648",
            "instance_type": "t2.micro",
            "key_name": "seb-key",
            "metadata_options": [],
            "name": "terraform-20210603221945959400000005",
            "name_prefix": null,
            "placement_tenancy": null,
            "root_block_device": [],
            "security_groups": [
              "sg-0c8675e04658ffb18"
            ],
            "spot_price": "",
            "user_data": "bdb1f81aad6e1e3c5c7fce7a79df8628d624636f",
            "user_data_base64": null,
            "vpc_classic_link_id": "",
            "vpc_classic_link_security_groups": null
          },
          "sensitive_attributes": [],
          "private": "bnVsbA==",
          "dependencies": [
            "aws_ecs_cluster.ecs_cluster",
            "aws_iam_instance_profile.ecs_agent",
            "aws_iam_role.ecs_agent",
            "aws_key_pair.seb",
            "aws_security_group.ecs_sg",
            "aws_vpc.vpc",
            "data.aws_iam_policy_document.ecs_agent"
          ]
        }
      ]
    },
    {
      "mode": "managed",
      "type": "aws_nat_gateway",
      "name": "NAT_GATEWAY",
      "provider": "provider[\"registry.terraform.io/hashicorp/aws\"]",
      "instances": [
        {
          "schema_version": 0,
          "attributes": {
            "allocation_id": "eipalloc-0a6b2ddbb57eb4b55",
            "id": "nat-050a8526c8beaace3",
            "network_interface_id": "eni-06ff814b166b725bc",
            "private_ip": "10.0.1.106",
            "public_ip": "34.211.209.191",
            "subnet_id": "subnet-0f4a3a1d916e7bd03",
            "tags": null,
            "tags_all": {
              "Owner": "Seb",
              "Project": "ECS-Attacks",
              "Team": "Ptest"
            }
          },
          "sensitive_attributes": [],
          "private": "bnVsbA==",
          "dependencies": [
            "aws_eip.Nat-Gateway-EIP",
            "aws_subnet.pub_subnet",
            "aws_vpc.vpc"
          ]
        }
      ]
    },
    {
      "mode": "managed",
      "type": "aws_route_table",
      "name": "NAT-Gateway-RT",
      "provider": "provider[\"registry.terraform.io/hashicorp/aws\"]",
      "instances": [
        {
          "schema_version": 0,
          "attributes": {
            "arn": "arn:aws:ec2:us-west-2:807903949163:route-table/rtb-02f2eaeac885a74e3",
            "id": "rtb-02f2eaeac885a74e3",
            "owner_id": "807903949163",
            "propagating_vgws": [],
            "route": [
              {
                "carrier_gateway_id": "",
                "cidr_block": "0.0.0.0/0",
                "destination_prefix_list_id": "",
                "egress_only_gateway_id": "",
                "gateway_id": "",
                "instance_id": "",
                "ipv6_cidr_block": "",
                "local_gateway_id": "",
                "nat_gateway_id": "nat-050a8526c8beaace3",
                "network_interface_id": "",
                "transit_gateway_id": "",
                "vpc_endpoint_id": "",
                "vpc_peering_connection_id": ""
              }
            ],
            "tags": {
              "Name": "Route Table for NAT Gateway"
            },
            "tags_all": {
              "Name": "Route Table for NAT Gateway",
              "Owner": "Seb",
              "Project": "ECS-Attacks",
              "Team": "Ptest"
            },
            "vpc_id": "vpc-0361ad7e97b660988"
          },
          "sensitive_attributes": [],
          "private": "bnVsbA==",
          "dependencies": [
            "aws_eip.Nat-Gateway-EIP",
            "aws_nat_gateway.NAT_GATEWAY",
            "aws_subnet.pub_subnet",
            "aws_vpc.vpc"
          ]
        }
      ]
    },
    {
      "mode": "managed",
      "type": "aws_route_table",
      "name": "public",
      "provider": "provider[\"registry.terraform.io/hashicorp/aws\"]",
      "instances": [
        {
          "schema_version": 0,
          "attributes": {
            "arn": "arn:aws:ec2:us-west-2:807903949163:route-table/rtb-0149b14af8a905798",
            "id": "rtb-0149b14af8a905798",
            "owner_id": "807903949163",
            "propagating_vgws": [],
            "route": [
              {
                "carrier_gateway_id": "",
                "cidr_block": "0.0.0.0/0",
                "destination_prefix_list_id": "",
                "egress_only_gateway_id": "",
                "gateway_id": "igw-07db732fa1723a09b",
                "instance_id": "",
                "ipv6_cidr_block": "",
                "local_gateway_id": "",
                "nat_gateway_id": "",
                "network_interface_id": "",
                "transit_gateway_id": "",
                "vpc_endpoint_id": "",
                "vpc_peering_connection_id": ""
              }
            ],
            "tags": null,
            "tags_all": {
              "Owner": "Seb",
              "Project": "ECS-Attacks",
              "Team": "Ptest"
            },
            "vpc_id": "vpc-0361ad7e97b660988"
          },
          "sensitive_attributes": [],
          "private": "bnVsbA==",
          "dependencies": [
            "aws_internet_gateway.internet_gateway",
            "aws_vpc.vpc"
          ]
        }
      ]
    },
    {
      "mode": "managed",
      "type": "aws_route_table_association",
      "name": "Nat-Gateway-RT-Association",
      "provider": "provider[\"registry.terraform.io/hashicorp/aws\"]",
      "instances": [
        {
          "schema_version": 0,
          "attributes": {
            "gateway_id": null,
            "id": "rtbassoc-028d4636ea7a601df",
            "route_table_id": "rtb-02f2eaeac885a74e3",
            "subnet_id": "subnet-049276899a77e3993"
          },
          "sensitive_attributes": [],
          "private": "bnVsbA==",
          "dependencies": [
            "aws_eip.Nat-Gateway-EIP",
            "aws_nat_gateway.NAT_GATEWAY",
            "aws_route_table.NAT-Gateway-RT",
            "aws_subnet.priv_subnet",
            "aws_subnet.pub_subnet",
            "aws_vpc.vpc"
          ]
        }
      ]
    },
    {
      "mode": "managed",
      "type": "aws_route_table_association",
      "name": "route_table_association",
      "provider": "provider[\"registry.terraform.io/hashicorp/aws\"]",
      "instances": [
        {
          "schema_version": 0,
          "attributes": {
            "gateway_id": null,
            "id": "rtbassoc-08ad498c2666e80af",
            "route_table_id": "rtb-0149b14af8a905798",
            "subnet_id": "subnet-0f4a3a1d916e7bd03"
          },
          "sensitive_attributes": [],
          "private": "bnVsbA==",
          "dependencies": [
            "aws_internet_gateway.internet_gateway",
            "aws_route_table.public",
            "aws_subnet.pub_subnet",
            "aws_vpc.vpc"
          ]
        }
      ]
    },
    {
      "mode": "managed",
      "type": "aws_route_table_association",
      "name": "route_table_association2",
      "provider": "provider[\"registry.terraform.io/hashicorp/aws\"]",
      "instances": [
        {
          "schema_version": 0,
          "attributes": {
            "gateway_id": null,
            "id": "rtbassoc-068a0708fc8cabea5",
            "route_table_id": "rtb-0149b14af8a905798",
            "subnet_id": "subnet-04f79eb50be646b18"
          },
          "sensitive_attributes": [],
          "private": "bnVsbA==",
          "dependencies": [
            "aws_internet_gateway.internet_gateway",
            "aws_route_table.public",
            "aws_subnet.pub_subnet2",
            "aws_vpc.vpc"
          ]
        }
      ]
    },
    {
      "mode": "managed",
      "type": "aws_security_group",
      "name": "alb_sg",
      "provider": "provider[\"registry.terraform.io/hashicorp/aws\"]",
      "instances": [
        {
          "schema_version": 1,
          "attributes": {
            "arn": "arn:aws:ec2:us-west-2:807903949163:security-group/sg-021d19410948e9676",
            "description": "Managed by Terraform",
            "egress": [
              {
                "cidr_blocks": [
                  "0.0.0.0/0"
                ],
                "description": "",
                "from_port": 0,
                "ipv6_cidr_blocks": [],
                "prefix_list_ids": [],
                "protocol": "tcp",
                "security_groups": [],
                "self": false,
                "to_port": 65535
              }
            ],
            "id": "sg-021d19410948e9676",
            "ingress": [
              {
                "cidr_blocks": [
                  "0.0.0.0/0"
                ],
                "description": "",
                "from_port": 443,
                "ipv6_cidr_blocks": [],
                "prefix_list_ids": [],
                "protocol": "tcp",
                "security_groups": [],
                "self": false,
                "to_port": 443
              },
              {
                "cidr_blocks": [
                  "0.0.0.0/0"
                ],
                "description": "",
                "from_port": 80,
                "ipv6_cidr_blocks": [],
                "prefix_list_ids": [],
                "protocol": "tcp",
                "security_groups": [],
                "self": false,
                "to_port": 80
              }
            ],
            "name": "terraform-20210603221941182800000003",
            "name_prefix": "terraform-",
            "owner_id": "807903949163",
            "revoke_rules_on_delete": false,
            "tags": null,
            "tags_all": {
              "Owner": "Seb",
              "Project": "ECS-Attacks",
              "Team": "Ptest"
            },
            "timeouts": null,
            "vpc_id": "vpc-0361ad7e97b660988"
          },
          "sensitive_attributes": [],
          "private": "eyJlMmJmYjczMC1lY2FhLTExZTYtOGY4OC0zNDM2M2JjN2M0YzAiOnsiY3JlYXRlIjo2MDAwMDAwMDAwMDAsImRlbGV0ZSI6OTAwMDAwMDAwMDAwfSwic2NoZW1hX3ZlcnNpb24iOiIxIn0=",
          "dependencies": [
            "aws_vpc.vpc"
          ]
        }
      ]
    },
    {
      "mode": "managed",
      "type": "aws_security_group",
      "name": "ecs_sg",
      "provider": "provider[\"registry.terraform.io/hashicorp/aws\"]",
      "instances": [
        {
          "schema_version": 1,
          "attributes": {
            "arn": "arn:aws:ec2:us-west-2:807903949163:security-group/sg-0c8675e04658ffb18",
            "description": "Managed by Terraform",
            "egress": [
              {
                "cidr_blocks": [
                  "0.0.0.0/0"
                ],
                "description": "",
                "from_port": 0,
                "ipv6_cidr_blocks": [],
                "prefix_list_ids": [],
                "protocol": "tcp",
                "security_groups": [],
                "self": false,
                "to_port": 65535
              }
            ],
            "id": "sg-0c8675e04658ffb18",
            "ingress": [
              {
                "cidr_blocks": [
                  "0.0.0.0/0"
                ],
                "description": "",
                "from_port": 22,
                "ipv6_cidr_blocks": [],
                "prefix_list_ids": [],
                "protocol": "tcp",
                "security_groups": [],
                "self": false,
                "to_port": 22
              },
              {
                "cidr_blocks": [
                  "0.0.0.0/0"
                ],
                "description": "",
                "from_port": 443,
                "ipv6_cidr_blocks": [],
                "prefix_list_ids": [],
                "protocol": "tcp",
                "security_groups": [],
                "self": false,
                "to_port": 443
              }
            ],
            "name": "terraform-20210603221941184900000004",
            "name_prefix": "terraform-",
            "owner_id": "807903949163",
            "revoke_rules_on_delete": false,
            "tags": null,
            "tags_all": {
              "Owner": "Seb",
              "Project": "ECS-Attacks",
              "Team": "Ptest"
            },
            "timeouts": null,
            "vpc_id": "vpc-0361ad7e97b660988"
          },
          "sensitive_attributes": [],
          "private": "eyJlMmJmYjczMC1lY2FhLTExZTYtOGY4OC0zNDM2M2JjN2M0YzAiOnsiY3JlYXRlIjo2MDAwMDAwMDAwMDAsImRlbGV0ZSI6OTAwMDAwMDAwMDAwfSwic2NoZW1hX3ZlcnNpb24iOiIxIn0=",
          "dependencies": [
            "aws_vpc.vpc"
          ]
        }
      ]
    },
    {
      "mode": "managed",
      "type": "aws_subnet",
      "name": "priv_subnet",
      "provider": "provider[\"registry.terraform.io/hashicorp/aws\"]",
      "instances": [
        {
          "schema_version": 1,
          "attributes": {
            "arn": "arn:aws:ec2:us-west-2:807903949163:subnet/subnet-049276899a77e3993",
            "assign_ipv6_address_on_creation": false,
            "availability_zone": "us-west-2b",
            "availability_zone_id": "usw2-az1",
            "cidr_block": "10.0.11.0/24",
            "customer_owned_ipv4_pool": "",
            "id": "subnet-049276899a77e3993",
            "ipv6_cidr_block": "",
            "ipv6_cidr_block_association_id": "",
            "map_customer_owned_ip_on_launch": false,
            "map_public_ip_on_launch": false,
            "outpost_arn": "",
            "owner_id": "807903949163",
            "tags": null,
            "tags_all": {
              "Owner": "Seb",
              "Project": "ECS-Attacks",
              "Team": "Ptest"
            },
            "timeouts": null,
            "vpc_id": "vpc-0361ad7e97b660988"
          },
          "sensitive_attributes": [],
          "private": "eyJlMmJmYjczMC1lY2FhLTExZTYtOGY4OC0zNDM2M2JjN2M0YzAiOnsiY3JlYXRlIjo2MDAwMDAwMDAwMDAsImRlbGV0ZSI6MTIwMDAwMDAwMDAwMH0sInNjaGVtYV92ZXJzaW9uIjoiMSJ9",
          "dependencies": [
            "aws_vpc.vpc"
          ]
        }
      ]
    },
    {
      "mode": "managed",
      "type": "aws_subnet",
      "name": "pub_subnet",
      "provider": "provider[\"registry.terraform.io/hashicorp/aws\"]",
      "instances": [
        {
          "schema_version": 1,
          "attributes": {
            "arn": "arn:aws:ec2:us-west-2:807903949163:subnet/subnet-0f4a3a1d916e7bd03",
            "assign_ipv6_address_on_creation": false,
            "availability_zone": "us-west-2a",
            "availability_zone_id": "usw2-az2",
            "cidr_block": "10.0.1.0/24",
            "customer_owned_ipv4_pool": "",
            "id": "subnet-0f4a3a1d916e7bd03",
            "ipv6_cidr_block": "",
            "ipv6_cidr_block_association_id": "",
            "map_customer_owned_ip_on_launch": false,
            "map_public_ip_on_launch": false,
            "outpost_arn": "",
            "owner_id": "807903949163",
            "tags": null,
            "tags_all": {
              "Owner": "Seb",
              "Project": "ECS-Attacks",
              "Team": "Ptest"
            },
            "timeouts": null,
            "vpc_id": "vpc-0361ad7e97b660988"
          },
          "sensitive_attributes": [],
          "private": "eyJlMmJmYjczMC1lY2FhLTExZTYtOGY4OC0zNDM2M2JjN2M0YzAiOnsiY3JlYXRlIjo2MDAwMDAwMDAwMDAsImRlbGV0ZSI6MTIwMDAwMDAwMDAwMH0sInNjaGVtYV92ZXJzaW9uIjoiMSJ9",
          "dependencies": [
            "aws_vpc.vpc"
          ]
        }
      ]
    },
    {
      "mode": "managed",
      "type": "aws_subnet",
      "name": "pub_subnet2",
      "provider": "provider[\"registry.terraform.io/hashicorp/aws\"]",
      "instances": [
        {
          "schema_version": 1,
          "attributes": {
            "arn": "arn:aws:ec2:us-west-2:807903949163:subnet/subnet-04f79eb50be646b18",
            "assign_ipv6_address_on_creation": false,
            "availability_zone": "us-west-2b",
            "availability_zone_id": "usw2-az1",
            "cidr_block": "10.0.2.0/24",
            "customer_owned_ipv4_pool": "",
            "id": "subnet-04f79eb50be646b18",
            "ipv6_cidr_block": "",
            "ipv6_cidr_block_association_id": "",
            "map_customer_owned_ip_on_launch": false,
            "map_public_ip_on_launch": false,
            "outpost_arn": "",
            "owner_id": "807903949163",
            "tags": null,
            "tags_all": {
              "Owner": "Seb",
              "Project": "ECS-Attacks",
              "Team": "Ptest"
            },
            "timeouts": null,
            "vpc_id": "vpc-0361ad7e97b660988"
          },
          "sensitive_attributes": [],
          "private": "eyJlMmJmYjczMC1lY2FhLTExZTYtOGY4OC0zNDM2M2JjN2M0YzAiOnsiY3JlYXRlIjo2MDAwMDAwMDAwMDAsImRlbGV0ZSI6MTIwMDAwMDAwMDAwMH0sInNjaGVtYV92ZXJzaW9uIjoiMSJ9",
          "dependencies": [
            "aws_vpc.vpc"
          ]
        }
      ]
    },
    {
      "mode": "managed",
      "type": "aws_vpc",
      "name": "vpc",
      "provider": "provider[\"registry.terraform.io/hashicorp/aws\"]",
      "instances": [
        {
          "schema_version": 1,
          "attributes": {
            "arn": "arn:aws:ec2:us-west-2:807903949163:vpc/vpc-0361ad7e97b660988",
            "assign_generated_ipv6_cidr_block": false,
            "cidr_block": "10.0.0.0/16",
            "default_network_acl_id": "acl-0be747de4dc19c756",
            "default_route_table_id": "rtb-05ef15a8e872306a2",
            "default_security_group_id": "sg-025da5a04e17565f9",
            "dhcp_options_id": "dopt-fff1d387",
            "enable_classiclink": false,
            "enable_classiclink_dns_support": false,
            "enable_dns_hostnames": true,
            "enable_dns_support": true,
            "id": "vpc-0361ad7e97b660988",
            "instance_tenancy": "default",
            "ipv6_association_id": "",
            "ipv6_cidr_block": "",
            "main_route_table_id": "rtb-05ef15a8e872306a2",
            "owner_id": "807903949163",
            "tags": {
              "Name": "Terraform VPC"
            },
            "tags_all": {
              "Name": "Terraform VPC",
              "Owner": "Seb",
              "Project": "ECS-Attacks",
              "Team": "Ptest"
            }
          },
          "sensitive_attributes": [],
          "private": "eyJzY2hlbWFfdmVyc2lvbiI6IjEifQ=="
        }
      ]
    }
  ]
}
